// !$*UTF8*$!
{
	archiveVersion = 1;
	classes = {
	};
	objectVersion = 50;
	objects = {

/* Begin PBXBuildFile section */
		E1038A93212A78FE002DC8DF /* AppDelegate.swift in Sources */ = {isa = PBXBuildFile; fileRef = E1038A92212A78FE002DC8DF /* AppDelegate.swift */; };
		E1038A95212A78FE002DC8DF /* ViewController.swift in Sources */ = {isa = PBXBuildFile; fileRef = E1038A94212A78FE002DC8DF /* ViewController.swift */; };
		E1038A98212A78FE002DC8DF /* Main.storyboard in Resources */ = {isa = PBXBuildFile; fileRef = E1038A96212A78FE002DC8DF /* Main.storyboard */; };
		E1038A9A212A78FF002DC8DF /* Assets.xcassets in Resources */ = {isa = PBXBuildFile; fileRef = E1038A99212A78FF002DC8DF /* Assets.xcassets */; };
		E1038A9D212A78FF002DC8DF /* LaunchScreen.storyboard in Resources */ = {isa = PBXBuildFile; fileRef = E1038A9B212A78FF002DC8DF /* LaunchScreen.storyboard */; };
		E1B627D6212A7EEC00EDC692 /* JYRadarChart.swift in Sources */ = {isa = PBXBuildFile; fileRef = E1B627D4212A7EEC00EDC692 /* JYRadarChart.swift */; };
		E1B627D7212A7EEC00EDC692 /* JYLegendView.swift in Sources */ = {isa = PBXBuildFile; fileRef = E1B627D5212A7EEC00EDC692 /* JYLegendView.swift */; };
/* End PBXBuildFile section */

/* Begin PBXFileReference section */
		E1038A8F212A78FE002DC8DF /* JYRadarChartSwiftDemo.app */ = {isa = PBXFileReference; explicitFileType = wrapper.application; includeInIndex = 0; path = JYRadarChartSwiftDemo.app; sourceTree = BUILT_PRODUCTS_DIR; };
		E1038A92212A78FE002DC8DF /* AppDelegate.swift */ = {isa = PBXFileReference; lastKnownFileType = sourcecode.swift; path = AppDelegate.swift; sourceTree = "<group>"; };
		E1038A94212A78FE002DC8DF /* ViewController.swift */ = {isa = PBXFileReference; lastKnownFileType = sourcecode.swift; path = ViewController.swift; sourceTree = "<group>"; };
		E1038A97212A78FE002DC8DF /* Base */ = {isa = PBXFileReference; lastKnownFileType = file.storyboard; name = Base; path = Base.lproj/Main.storyboard; sourceTree = "<group>"; };
		E1038A99212A78FF002DC8DF /* Assets.xcassets */ = {isa = PBXFileReference; lastKnownFileType = folder.assetcatalog; path = Assets.xcassets; sourceTree = "<group>"; };
		E1038A9C212A78FF002DC8DF /* Base */ = {isa = PBXFileReference; lastKnownFileType = file.storyboard; name = Base; path = Base.lproj/LaunchScreen.storyboard; sourceTree = "<group>"; };
		E1038A9E212A78FF002DC8DF /* Info.plist */ = {isa = PBXFileReference; lastKnownFileType = text.plist.xml; path = Info.plist; sourceTree = "<group>"; };
		E1B627D4212A7EEC00EDC692 /* JYRadarChart.swift */ = {isa = PBXFileReference; fileEncoding = 4; lastKnownFileType = sourcecode.swift; path = JYRadarChart.swift; sourceTree = "<group>"; };
		E1B627D5212A7EEC00EDC692 /* JYLegendView.swift */ = {isa = PBXFileReference; fileEncoding = 4; lastKnownFileType = sourcecode.swift; path = JYLegendView.swift; sourceTree = "<group>"; };
/* End PBXFileReference section */

/* Begin PBXFrameworksBuildPhase section */
		E1038A8C212A78FE002DC8DF /* Frameworks */ = {
			isa = PBXFrameworksBuildPhase;
			buildActionMask = 2147483647;
			files = (
			);
			runOnlyForDeploymentPostprocessing = 0;
		};
/* End PBXFrameworksBuildPhase section */

/* Begin PBXGroup section */
		E1038A86212A78FE002DC8DF = {
			isa = PBXGroup;
			children = (
				E1038A91212A78FE002DC8DF /* JYRadarChartSwiftDemo */,
				E1038A90212A78FE002DC8DF /* Products */,
			);
			sourceTree = "<group>";
		};
		E1038A90212A78FE002DC8DF /* Products */ = {
			isa = PBXGroup;
			children = (
				E1038A8F212A78FE002DC8DF /* JYRadarChartSwiftDemo.app */,
			);
			name = Products;
			sourceTree = "<group>";
		};
		E1038A91212A78FE002DC8DF /* JYRadarChartSwiftDemo */ = {
			isa = PBXGroup;
			children = (
				E1038A92212A78FE002DC8DF /* AppDelegate.swift */,
				E1038A99212A78FF002DC8DF /* Assets.xcassets */,
				E1038A9E212A78FF002DC8DF /* Info.plist */,
				E1B627D5212A7EEC00EDC692 /* JYLegendView.swift */,
				E1B627D4212A7EEC00EDC692 /* JYRadarChart.swift */,
				E1038A9B212A78FF002DC8DF /* LaunchScreen.storyboard */,
				E1038A96212A78FE002DC8DF /* Main.storyboard */,
				E1038A94212A78FE002DC8DF /* ViewController.swift */,
			);
			path = JYRadarChartSwiftDemo;
			sourceTree = "<group>";
		};
/* End PBXGroup section */

/* Begin PBXNativeTarget section */
		E1038A8E212A78FE002DC8DF /* JYRadarChartSwiftDemo */ = {
			isa = PBXNativeTarget;
			buildConfigurationList = E1038AA1212A78FF002DC8DF /* Build configuration list for PBXNativeTarget "JYRadarChartSwiftDemo" */;
			buildPhases = (
				E1038A8B212A78FE002DC8DF /* Sources */,
				E1038A8C212A78FE002DC8DF /* Frameworks */,
				E1038A8D212A78FE002DC8DF /* Resources */,
			);
			buildRules = (
			);
			dependencies = (
			);
			name = JYRadarChartSwiftDemo;
			productName = JYRadarChartSwiftDemo;
			productReference = E1038A8F212A78FE002DC8DF /* JYRadarChartSwiftDemo.app */;
			productType = "com.apple.product-type.application";
		};
/* End PBXNativeTarget section */

/* Begin PBXProject section */
		E1038A87212A78FE002DC8DF /* Project object */ = {
			isa = PBXProject;
			attributes = {
				LastSwiftUpdateCheck = 0940;
				LastUpgradeCheck = 0940;
				ORGANIZATIONNAME = "Erick Santos";
				TargetAttributes = {
					E1038A8E212A78FE002DC8DF = {
						CreatedOnToolsVersion = 9.4.1;
						LastSwiftMigration = 0940;
					};
				};
			};
			buildConfigurationList = E1038A8A212A78FE002DC8DF /* Build configuration list for PBXProject "JYRadarChartSwiftDemo" */;
			compatibilityVersion = "Xcode 9.3";
			developmentRegion = en;
			hasScannedForEncodings = 0;
			knownRegions = (
				en,
				Base,
			);
			mainGroup = E1038A86212A78FE002DC8DF;
			productRefGroup = E1038A90212A78FE002DC8DF /* Products */;
			projectDirPath = "";
			projectRoot = "";
			targets = (
				E1038A8E212A78FE002DC8DF /* JYRadarChartSwiftDemo */,
			);
		};
/* End PBXProject section */

/* Begin PBXResourcesBuildPhase section */
		E1038A8D212A78FE002DC8DF /* Resources */ = {
			isa = PBXResourcesBuildPhase;
			buildActionMask = 2147483647;
			files = (
				E1038A9D212A78FF002DC8DF /* LaunchScreen.storyboard in Resources */,
				E1038A9A212A78FF002DC8DF /* Assets.xcassets in Resources */,
				E1038A98212A78FE002DC8DF /* Main.storyboard in Resources */,
			);
			runOnlyForDeploymentPostprocessing = 0;
		};
/* End PBXResourcesBuildPhase section */

/* Begin PBXSourcesBuildPhase section */
		E1038A8B212A78FE002DC8DF /* Sources */ = {
			isa = PBXSourcesBuildPhase;
			buildActionMask = 2147483647;
			files = (
				E1038A95212A78FE002DC8DF /* ViewController.swift in Sources */,
				E1038A93212A78FE002DC8DF /* AppDelegate.swift in Sources */,
				E1B627D7212A7EEC00EDC692 /* JYLegendView.swift in Sources */,
				E1B627D6212A7EEC00EDC692 /* JYRadarChart.swift in Sources */,
			);
			runOnlyForDeploymentPostprocessing = 0;
		};
/* End PBXSourcesBuildPhase section */

/* Begin PBXVariantGroup section */
		E1038A96212A78FE002DC8DF /* Main.storyboard */ = {
			isa = PBXVariantGroup;
			children = (
				E1038A97212A78FE002DC8DF /* Base */,
			);
			name = Main.storyboard;
			sourceTree = "<group>";
		};
		E1038A9B212A78FF002DC8DF /* LaunchScreen.storyboard */ = {
			isa = PBXVariantGroup;
			children = (
				E1038A9C212A78FF002DC8DF /* Base */,
			);
			name = LaunchScreen.storyboard;
			sourceTree = "<group>";
		};
/* End PBXVariantGroup section */

/* Begin XCBuildConfiguration section */
		E1038A9F212A78FF002DC8DF /* Debug */ = {
			isa = XCBuildConfiguration;
			buildSettings = {
				ALWAYS_SEARCH_USER_PATHS = NO;
				CLANG_ANALYZER_NONNULL = YES;
				CLANG_ANALYZER_NUMBER_OBJECT_CONVERSION = YES_AGGRESSIVE;
				CLANG_CXX_LANGUAGE_STANDARD = "gnu++14";
				CLANG_CXX_LIBRARY = "libc++";
				CLANG_ENABLE_MODULES = YES;
				CLANG_ENABLE_OBJC_ARC = YES;
				CLANG_ENABLE_OBJC_WEAK = YES;
				CLANG_WARN_BLOCK_CAPTURE_AUTORELEASING = YES;
				CLANG_WARN_BOOL_CONVERSION = YES;
				CLANG_WARN_COMMA = YES;
				CLANG_WARN_CONSTANT_CONVERSION = YES;
				CLANG_WARN_DEPRECATED_OBJC_IMPLEMENTATIONS = YES;
				CLANG_WARN_DIRECT_OBJC_ISA_USAGE = YES_ERROR;
				CLANG_WARN_DOCUMENTATION_COMMENTS = YES;
				CLANG_WARN_EMPTY_BODY = YES;
				CLANG_WARN_ENUM_CONVERSION = YES;
				CLANG_WARN_INFINITE_RECURSION = YES;
				CLANG_WARN_INT_CONVERSION = YES;
				CLANG_WARN_NON_LITERAL_NULL_CONVERSION = YES;
				CLANG_WARN_OBJC_IMPLICIT_RETAIN_SELF = YES;
				CLANG_WARN_OBJC_LITERAL_CONVERSION = YES;
				CLANG_WARN_OBJC_ROOT_CLASS = YES_ERROR;
				CLANG_WARN_RANGE_LOOP_ANALYSIS = YES;
				CLANG_WARN_STRICT_PROTOTYPES = YES;
				CLANG_WARN_SUSPICIOUS_MOVE = YES;
				CLANG_WARN_UNGUARDED_AVAILABILITY = YES_AGGRESSIVE;
				CLANG_WARN_UNREACHABLE_CODE = YES;
				CLANG_WARN__DUPLICATE_METHOD_MATCH = YES;
				CODE_SIGN_IDENTITY = "iPhone Developer";
				COPY_PHASE_STRIP = NO;
				DEBUG_INFORMATION_FORMAT = dwarf;
				ENABLE_STRICT_OBJC_MSGSEND = YES;
				ENABLE_TESTABILITY = YES;
				GCC_C_LANGUAGE_STANDARD = gnu11;
				GCC_DYNAMIC_NO_PIC = NO;
				GCC_NO_COMMON_BLOCKS = YES;
				GCC_OPTIMIZATION_LEVEL = 0;
				GCC_PREPROCESSOR_DEFINITIONS = (
					"DEBUG=1",
					"$(inherited)",
				);
				GCC_WARN_64_TO_32_BIT_CONVERSION = YES;
				GCC_WARN_ABOUT_RETURN_TYPE = YES_ERROR;
				GCC_WARN_UNDECLARED_SELECTOR = YES;
				GCC_WARN_UNINITIALIZED_AUTOS = YES_AGGRESSIVE;
				GCC_WARN_UNUSED_FUNCTION = YES;
				GCC_WARN_UNUSED_VARIABLE = YES;
				IPHONEOS_DEPLOYMENT_TARGET = 11.4;
				MTL_ENABLE_DEBUG_INFO = YES;
				ONLY_ACTIVE_ARCH = YES;
				SDKROOT = iphoneos;
				SWIFT_ACTIVE_COMPILATION_CONDITIONS = DEBUG;
				SWIFT_OPTIMIZATION_LEVEL = "-Onone";
			};
			name = Debug;
		};
		E1038AA0212A78FF002DC8DF /* Release */ = {
			isa = XCBuildConfiguration;
			buildSettings = {
				ALWAYS_SEARCH_USER_PATHS = NO;
				CLANG_ANALYZER_NONNULL = YES;
				CLANG_ANALYZER_NUMBER_OBJECT_CONVERSION = YES_AGGRESSIVE;
				CLANG_CXX_LANGUAGE_STANDARD = "gnu++14";
				CLANG_CXX_LIBRARY = "libc++";
				CLANG_ENABLE_MODULES = YES;
				CLANG_ENABLE_OBJC_ARC = YES;
				CLANG_ENABLE_OBJC_WEAK = YES;
				CLANG_WARN_BLOCK_CAPTURE_AUTORELEASING = YES;
				CLANG_WARN_BOOL_CONVERSION = YES;
				CLANG_WARN_COMMA = YES;
				CLANG_WARN_CONSTANT_CONVERSION = YES;
				CLANG_WARN_DEPRECATED_OBJC_IMPLEMENTATIONS = YES;
				CLANG_WARN_DIRECT_OBJC_ISA_USAGE = YES_ERROR;
				CLANG_WARN_DOCUMENTATION_COMMENTS = YES;
				CLANG_WARN_EMPTY_BODY = YES;
				CLANG_WARN_ENUM_CONVERSION = YES;
				CLANG_WARN_INFINITE_RECURSION = YES;
				CLANG_WARN_INT_CONVERSION = YES;
				CLANG_WARN_NON_LITERAL_NULL_CONVERSION = YES;
				CLANG_WARN_OBJC_IMPLICIT_RETAIN_SELF = YES;
				CLANG_WARN_OBJC_LITERAL_CONVERSION = YES;
				CLANG_WARN_OBJC_ROOT_CLASS = YES_ERROR;
				CLANG_WARN_RANGE_LOOP_ANALYSIS = YES;
				CLANG_WARN_STRICT_PROTOTYPES = YES;
				CLANG_WARN_SUSPICIOUS_MOVE = YES;
				CLANG_WARN_UNGUARDED_AVAILABILITY = YES_AGGRESSIVE;
				CLANG_WARN_UNREACHABLE_CODE = YES;
				CLANG_WARN__DUPLICATE_METHOD_MATCH = YES;
				CODE_SIGN_IDENTITY = "iPhone Developer";
				COPY_PHASE_STRIP = NO;
				DEBUG_INFORMATION_FORMAT = "dwarf-with-dsym";
				ENABLE_NS_ASSERTIONS = NO;
				ENABLE_STRICT_OBJC_MSGSEND = YES;
				GCC_C_LANGUAGE_STANDARD = gnu11;
				GCC_NO_COMMON_BLOCKS = YES;
				GCC_WARN_64_TO_32_BIT_CONVERSION = YES;
				GCC_WARN_ABOUT_RETURN_TYPE = YES_ERROR;
				GCC_WARN_UNDECLARED_SELECTOR = YES;
				GCC_WARN_UNINITIALIZED_AUTOS = YES_AGGRESSIVE;
				GCC_WARN_UNUSED_FUNCTION = YES;
				GCC_WARN_UNUSED_VARIABLE = YES;
				IPHONEOS_DEPLOYMENT_TARGET = 11.4;
				MTL_ENABLE_DEBUG_INFO = NO;
				SDKROOT = iphoneos;
				SWIFT_COMPILATION_MODE = wholemodule;
				SWIFT_OPTIMIZATION_LEVEL = "-O";
				VALIDATE_PRODUCT = YES;
			};
			name = Release;
		};
		E1038AA2212A78FF002DC8DF /* Debug */ = {
			isa = XCBuildConfiguration;
			buildSettings = {
				ASSETCATALOG_COMPILER_APPICON_NAME = AppIcon;
				CODE_SIGN_STYLE = Automatic;
				INFOPLIST_FILE = JYRadarChartSwiftDemo/Info.plist;
				IPHONEOS_DEPLOYMENT_TARGET = 9.0;
				LD_RUNPATH_SEARCH_PATHS = (
					"$(inherited)",
					"@executable_path/Frameworks",
				);
				PRODUCT_BUNDLE_IDENTIFIER = br.com.JYRadarChartSwiftDemo;
				PRODUCT_NAME = "$(TARGET_NAME)";
				SWIFT_VERSION = 4.0;
				TARGETED_DEVICE_FAMILY = "1,2";
			};
			name = Debug;
		};
		E1038AA3212A78FF002DC8DF /* Release */ = {
			isa = XCBuildConfiguration;
			buildSettings = {
				ASSETCATALOG_COMPILER_APPICON_NAME = AppIcon;
				CODE_SIGN_STYLE = Automatic;
				INFOPLIST_FILE = JYRadarChartSwiftDemo/Info.plist;
				IPHONEOS_DEPLOYMENT_TARGET = 9.0;
				LD_RUNPATH_SEARCH_PATHS = (
					"$(inherited)",
					"@executable_path/Frameworks",
				);
				PRODUCT_BUNDLE_IDENTIFIER = br.com.JYRadarChartSwiftDemo;
				PRODUCT_NAME = "$(TARGET_NAME)";
				SWIFT_VERSION = 4.0;
				TARGETED_DEVICE_FAMILY = "1,2";
			};
			name = Release;
		};
/* End XCBuildConfiguration section */

/* Begin XCConfigurationList section */
		E1038A8A212A78FE002DC8DF /* Build configuration list for PBXProject "JYRadarChartSwiftDemo" */ = {
			isa = XCConfigurationList;
			buildConfigurations = (
				E1038A9F212A78FF002DC8DF /* Debug */,
				E1038AA0212A78FF002DC8DF /* Release */,
			);
			defaultConfigurationIsVisible = 0;
			defaultConfigurationName = Release;
		};
		E1038AA1212A78FF002DC8DF /* Build configuration list for PBXNativeTarget "JYRadarChartSwiftDemo" */ = {
			isa = XCConfigurationList;
			buildConfigurations = (
				E1038AA2212A78FF002DC8DF /* Debug */,
				E1038AA3212A78FF002DC8DF /* Release */,
			);
			defaultConfigurationIsVisible = 0;
			defaultConfigurationName = Release;
		};
/* End XCConfigurationList section */
	};
	rootObject = E1038A87212A78FE002DC8DF /* Project object */;
}
